
Microsoft Visual Studio Solution File, Format Version 11.00
# Visual Studio 2010
Project("{FAE04EC0-301F-11D3-BF4B-00C04F79EFBC}") = "TradingLib.MoniterControl", "MonitorControl\TradingLib.MoniterControl.csproj", "{00EFBCFD-6BAB-403E-9B84-652FBC109286}"
EndProject
Project("{FAE04EC0-301F-11D3-BF4B-00C04F79EFBC}") = "ICSharpCode.Core", "ICSharpCode.Core\ICSharpCode.Core.csproj", "{35CEF10F-2D4C-45F2-9DD1-161E0FEC583C}"
EndProject
Project("{2150E333-8FDC-42A3-9474-1A3956D46DE8}") = "Core", "Core", "{3E4A33DD-086A-48E8-BBA2-5BA81B4E4207}"
EndProject
Project("{2150E333-8FDC-42A3-9474-1A3956D46DE8}") = "Common", "Common", "{35FD8CFC-7CEB-4C29-9F35-7850FC7BB46C}"
EndProject
Project("{FAE04EC0-301F-11D3-BF4B-00C04F79EFBC}") = "TradingLib.MoniterBase", "MoniterBase\TradingLib.MoniterBase.csproj", "{36D7814A-739B-43B3-91D1-2BD8FE9F8B9F}"
EndProject
Project("{FAE04EC0-301F-11D3-BF4B-00C04F79EFBC}") = "TradingLib.MoniterCore", "MoniterCore\TradingLib.MoniterCore.csproj", "{AA41EFFA-887D-4C4D-8BE4-91B08C98FF42}"
EndProject
Project("{FAE04EC0-301F-11D3-BF4B-00C04F79EFBC}") = "MoniterSkeleton", "MoniterSkeleton\MoniterSkeleton.csproj", "{45501033-E208-4766-A811-BAA30DF5CB9B}"
EndProject
Project("{2150E333-8FDC-42A3-9474-1A3956D46DE8}") = "TinyMgr", "TinyMgr", "{7417E991-0EA7-4343-AFBA-917C0269E0C8}"
EndProject
Project("{FAE04EC0-301F-11D3-BF4B-00C04F79EFBC}") = "TradingLib.TinnyMGRControl", "..\TinnyMgr\TradingLib.TinnyMGRControl\TradingLib.TinnyMGRControl.csproj", "{7B799544-5328-4741-81D9-D730BFAA9C44}"
EndProject
Project("{FAE04EC0-301F-11D3-BF4B-00C04F79EFBC}") = "TinnyMgr", "..\TinnyMgr\TinnyMgr\TinnyMgr.csproj", "{5E870E83-8E7A-44DA-B90F-7CF96C067DB2}"
EndProject
Project("{2150E333-8FDC-42A3-9474-1A3956D46DE8}") = "Moniter", "Moniter", "{AAA55635-1254-4490-9F35-2784C9621100}"
EndProject
Global
	GlobalSection(SolutionConfigurationPlatforms) = preSolution
		Debug|Any CPU = Debug|Any CPU
		Debug|Mixed Platforms = Debug|Mixed Platforms
		Debug|x86 = Debug|x86
		Debug-OEM|Any CPU = Debug-OEM|Any CPU
		Debug-OEM|Mixed Platforms = Debug-OEM|Mixed Platforms
		Debug-OEM|x86 = Debug-OEM|x86
		Release|Any CPU = Release|Any CPU
		Release|Mixed Platforms = Release|Mixed Platforms
		Release|x86 = Release|x86
		Release-OEM|Any CPU = Release-OEM|Any CPU
		Release-OEM|Mixed Platforms = Release-OEM|Mixed Platforms
		Release-OEM|x86 = Release-OEM|x86
	EndGlobalSection
	GlobalSection(ProjectConfigurationPlatforms) = postSolution
		{00EFBCFD-6BAB-403E-9B84-652FBC109286}.Debug|Any CPU.ActiveCfg = Debug|Any CPU
		{00EFBCFD-6BAB-403E-9B84-652FBC109286}.Debug|Any CPU.Build.0 = Debug|Any CPU
		{00EFBCFD-6BAB-403E-9B84-652FBC109286}.Debug|Mixed Platforms.ActiveCfg = Debug|Any CPU
		{00EFBCFD-6BAB-403E-9B84-652FBC109286}.Debug|Mixed Platforms.Build.0 = Debug|Any CPU
		{00EFBCFD-6BAB-403E-9B84-652FBC109286}.Debug|x86.ActiveCfg = Debug|Any CPU
		{00EFBCFD-6BAB-403E-9B84-652FBC109286}.Debug-OEM|Any CPU.ActiveCfg = Debug|Any CPU
		{00EFBCFD-6BAB-403E-9B84-652FBC109286}.Debug-OEM|Any CPU.Build.0 = Debug|Any CPU
		{00EFBCFD-6BAB-403E-9B84-652FBC109286}.Debug-OEM|Mixed Platforms.ActiveCfg = Debug|Any CPU
		{00EFBCFD-6BAB-403E-9B84-652FBC109286}.Debug-OEM|Mixed Platforms.Build.0 = Debug|Any CPU
		{00EFBCFD-6BAB-403E-9B84-652FBC109286}.Debug-OEM|x86.ActiveCfg = Debug|Any CPU
		{00EFBCFD-6BAB-403E-9B84-652FBC109286}.Release|Any CPU.ActiveCfg = Release|Any CPU
		{00EFBCFD-6BAB-403E-9B84-652FBC109286}.Release|Any CPU.Build.0 = Release|Any CPU
		{00EFBCFD-6BAB-403E-9B84-652FBC109286}.Release|Mixed Platforms.ActiveCfg = Release|Any CPU
		{00EFBCFD-6BAB-403E-9B84-652FBC109286}.Release|Mixed Platforms.Build.0 = Release|Any CPU
		{00EFBCFD-6BAB-403E-9B84-652FBC109286}.Release|x86.ActiveCfg = Release|Any CPU
		{00EFBCFD-6BAB-403E-9B84-652FBC109286}.Release-OEM|Any CPU.ActiveCfg = Release|Any CPU
		{00EFBCFD-6BAB-403E-9B84-652FBC109286}.Release-OEM|Any CPU.Build.0 = Release|Any CPU
		{00EFBCFD-6BAB-403E-9B84-652FBC109286}.Release-OEM|Mixed Platforms.ActiveCfg = Release|Any CPU
		{00EFBCFD-6BAB-403E-9B84-652FBC109286}.Release-OEM|Mixed Platforms.Build.0 = Release|Any CPU
		{00EFBCFD-6BAB-403E-9B84-652FBC109286}.Release-OEM|x86.ActiveCfg = Release|Any CPU
		{35CEF10F-2D4C-45F2-9DD1-161E0FEC583C}.Debug|Any CPU.ActiveCfg = Debug|Any CPU
		{35CEF10F-2D4C-45F2-9DD1-161E0FEC583C}.Debug|Any CPU.Build.0 = Debug|Any CPU
		{35CEF10F-2D4C-45F2-9DD1-161E0FEC583C}.Debug|Mixed Platforms.ActiveCfg = Debug|Any CPU
		{35CEF10F-2D4C-45F2-9DD1-161E0FEC583C}.Debug|Mixed Platforms.Build.0 = Debug|Any CPU
		{35CEF10F-2D4C-45F2-9DD1-161E0FEC583C}.Debug|x86.ActiveCfg = Debug|Any CPU
		{35CEF10F-2D4C-45F2-9DD1-161E0FEC583C}.Debug-OEM|Any CPU.ActiveCfg = Debug|Any CPU
		{35CEF10F-2D4C-45F2-9DD1-161E0FEC583C}.Debug-OEM|Any CPU.Build.0 = Debug|Any CPU
		{35CEF10F-2D4C-45F2-9DD1-161E0FEC583C}.Debug-OEM|Mixed Platforms.ActiveCfg = Debug|Any CPU
		{35CEF10F-2D4C-45F2-9DD1-161E0FEC583C}.Debug-OEM|Mixed Platforms.Build.0 = Debug|Any CPU
		{35CEF10F-2D4C-45F2-9DD1-161E0FEC583C}.Debug-OEM|x86.ActiveCfg = Debug|Any CPU
		{35CEF10F-2D4C-45F2-9DD1-161E0FEC583C}.Release|Any CPU.ActiveCfg = Release|Any CPU
		{35CEF10F-2D4C-45F2-9DD1-161E0FEC583C}.Release|Any CPU.Build.0 = Release|Any CPU
		{35CEF10F-2D4C-45F2-9DD1-161E0FEC583C}.Release|Mixed Platforms.ActiveCfg = Release|Any CPU
		{35CEF10F-2D4C-45F2-9DD1-161E0FEC583C}.Release|Mixed Platforms.Build.0 = Release|Any CPU
		{35CEF10F-2D4C-45F2-9DD1-161E0FEC583C}.Release|x86.ActiveCfg = Release|Any CPU
		{35CEF10F-2D4C-45F2-9DD1-161E0FEC583C}.Release-OEM|Any CPU.ActiveCfg = Release|Any CPU
		{35CEF10F-2D4C-45F2-9DD1-161E0FEC583C}.Release-OEM|Any CPU.Build.0 = Release|Any CPU
		{35CEF10F-2D4C-45F2-9DD1-161E0FEC583C}.Release-OEM|Mixed Platforms.ActiveCfg = Release|Any CPU
		{35CEF10F-2D4C-45F2-9DD1-161E0FEC583C}.Release-OEM|Mixed Platforms.Build.0 = Release|Any CPU
		{35CEF10F-2D4C-45F2-9DD1-161E0FEC583C}.Release-OEM|x86.ActiveCfg = Release|Any CPU
		{36D7814A-739B-43B3-91D1-2BD8FE9F8B9F}.Debug|Any CPU.ActiveCfg = Debug|Any CPU
		{36D7814A-739B-43B3-91D1-2BD8FE9F8B9F}.Debug|Any CPU.Build.0 = Debug|Any CPU
		{36D7814A-739B-43B3-91D1-2BD8FE9F8B9F}.Debug|Mixed Platforms.ActiveCfg = Debug|Any CPU
		{36D7814A-739B-43B3-91D1-2BD8FE9F8B9F}.Debug|Mixed Platforms.Build.0 = Debug|Any CPU
		{36D7814A-739B-43B3-91D1-2BD8FE9F8B9F}.Debug|x86.ActiveCfg = Debug|Any CPU
		{36D7814A-739B-43B3-91D1-2BD8FE9F8B9F}.Debug-OEM|Any CPU.ActiveCfg = Debug|Any CPU
		{36D7814A-739B-43B3-91D1-2BD8FE9F8B9F}.Debug-OEM|Any CPU.Build.0 = Debug|Any CPU
		{36D7814A-739B-43B3-91D1-2BD8FE9F8B9F}.Debug-OEM|Mixed Platforms.ActiveCfg = Debug|Any CPU
		{36D7814A-739B-43B3-91D1-2BD8FE9F8B9F}.Debug-OEM|Mixed Platforms.Build.0 = Debug|Any CPU
		{36D7814A-739B-43B3-91D1-2BD8FE9F8B9F}.Debug-OEM|x86.ActiveCfg = Debug|Any CPU
		{36D7814A-739B-43B3-91D1-2BD8FE9F8B9F}.Release|Any CPU.ActiveCfg = Release|Any CPU
		{36D7814A-739B-43B3-91D1-2BD8FE9F8B9F}.Release|Any CPU.Build.0 = Release|Any CPU
		{36D7814A-739B-43B3-91D1-2BD8FE9F8B9F}.Release|Mixed Platforms.ActiveCfg = Release|Any CPU
		{36D7814A-739B-43B3-91D1-2BD8FE9F8B9F}.Release|Mixed Platforms.Build.0 = Release|Any CPU
		{36D7814A-739B-43B3-91D1-2BD8FE9F8B9F}.Release|x86.ActiveCfg = Release|Any CPU
		{36D7814A-739B-43B3-91D1-2BD8FE9F8B9F}.Release-OEM|Any CPU.ActiveCfg = Release|Any CPU
		{36D7814A-739B-43B3-91D1-2BD8FE9F8B9F}.Release-OEM|Any CPU.Build.0 = Release|Any CPU
		{36D7814A-739B-43B3-91D1-2BD8FE9F8B9F}.Release-OEM|Mixed Platforms.ActiveCfg = Release|Any CPU
		{36D7814A-739B-43B3-91D1-2BD8FE9F8B9F}.Release-OEM|Mixed Platforms.Build.0 = Release|Any CPU
		{36D7814A-739B-43B3-91D1-2BD8FE9F8B9F}.Release-OEM|x86.ActiveCfg = Release|Any CPU
		{AA41EFFA-887D-4C4D-8BE4-91B08C98FF42}.Debug|Any CPU.ActiveCfg = Debug|Any CPU
		{AA41EFFA-887D-4C4D-8BE4-91B08C98FF42}.Debug|Any CPU.Build.0 = Debug|Any CPU
		{AA41EFFA-887D-4C4D-8BE4-91B08C98FF42}.Debug|Mixed Platforms.ActiveCfg = Debug|Any CPU
		{AA41EFFA-887D-4C4D-8BE4-91B08C98FF42}.Debug|Mixed Platforms.Build.0 = Debug|Any CPU
		{AA41EFFA-887D-4C4D-8BE4-91B08C98FF42}.Debug|x86.ActiveCfg = Debug|Any CPU
		{AA41EFFA-887D-4C4D-8BE4-91B08C98FF42}.Debug-OEM|Any CPU.ActiveCfg = Debug|Any CPU
		{AA41EFFA-887D-4C4D-8BE4-91B08C98FF42}.Debug-OEM|Any CPU.Build.0 = Debug|Any CPU
		{AA41EFFA-887D-4C4D-8BE4-91B08C98FF42}.Debug-OEM|Mixed Platforms.ActiveCfg = Debug|Any CPU
		{AA41EFFA-887D-4C4D-8BE4-91B08C98FF42}.Debug-OEM|Mixed Platforms.Build.0 = Debug|Any CPU
		{AA41EFFA-887D-4C4D-8BE4-91B08C98FF42}.Debug-OEM|x86.ActiveCfg = Debug|Any CPU
		{AA41EFFA-887D-4C4D-8BE4-91B08C98FF42}.Release|Any CPU.ActiveCfg = Release|Any CPU
		{AA41EFFA-887D-4C4D-8BE4-91B08C98FF42}.Release|Any CPU.Build.0 = Release|Any CPU
		{AA41EFFA-887D-4C4D-8BE4-91B08C98FF42}.Release|Mixed Platforms.ActiveCfg = Release|Any CPU
		{AA41EFFA-887D-4C4D-8BE4-91B08C98FF42}.Release|Mixed Platforms.Build.0 = Release|Any CPU
		{AA41EFFA-887D-4C4D-8BE4-91B08C98FF42}.Release|x86.ActiveCfg = Release|Any CPU
		{AA41EFFA-887D-4C4D-8BE4-91B08C98FF42}.Release-OEM|Any CPU.ActiveCfg = Release|Any CPU
		{AA41EFFA-887D-4C4D-8BE4-91B08C98FF42}.Release-OEM|Any CPU.Build.0 = Release|Any CPU
		{AA41EFFA-887D-4C4D-8BE4-91B08C98FF42}.Release-OEM|Mixed Platforms.ActiveCfg = Release|Any CPU
		{AA41EFFA-887D-4C4D-8BE4-91B08C98FF42}.Release-OEM|Mixed Platforms.Build.0 = Release|Any CPU
		{AA41EFFA-887D-4C4D-8BE4-91B08C98FF42}.Release-OEM|x86.ActiveCfg = Release|Any CPU
		{45501033-E208-4766-A811-BAA30DF5CB9B}.Debug|Any CPU.ActiveCfg = Debug|x86
		{45501033-E208-4766-A811-BAA30DF5CB9B}.Debug|Mixed Platforms.ActiveCfg = Debug|x86
		{45501033-E208-4766-A811-BAA30DF5CB9B}.Debug|Mixed Platforms.Build.0 = Debug|x86
		{45501033-E208-4766-A811-BAA30DF5CB9B}.Debug|x86.ActiveCfg = Debug|x86
		{45501033-E208-4766-A811-BAA30DF5CB9B}.Debug|x86.Build.0 = Debug|x86
		{45501033-E208-4766-A811-BAA30DF5CB9B}.Debug-OEM|Any CPU.ActiveCfg = Debug|x86
		{45501033-E208-4766-A811-BAA30DF5CB9B}.Debug-OEM|Mixed Platforms.ActiveCfg = Debug|x86
		{45501033-E208-4766-A811-BAA30DF5CB9B}.Debug-OEM|Mixed Platforms.Build.0 = Debug|x86
		{45501033-E208-4766-A811-BAA30DF5CB9B}.Debug-OEM|x86.ActiveCfg = Debug|x86
		{45501033-E208-4766-A811-BAA30DF5CB9B}.Debug-OEM|x86.Build.0 = Debug|x86
		{45501033-E208-4766-A811-BAA30DF5CB9B}.Release|Any CPU.ActiveCfg = Release|x86
		{45501033-E208-4766-A811-BAA30DF5CB9B}.Release|Mixed Platforms.ActiveCfg = Release|x86
		{45501033-E208-4766-A811-BAA30DF5CB9B}.Release|Mixed Platforms.Build.0 = Release|x86
		{45501033-E208-4766-A811-BAA30DF5CB9B}.Release|x86.ActiveCfg = Release|x86
		{45501033-E208-4766-A811-BAA30DF5CB9B}.Release|x86.Build.0 = Release|x86
		{45501033-E208-4766-A811-BAA30DF5CB9B}.Release-OEM|Any CPU.ActiveCfg = Release|x86
		{45501033-E208-4766-A811-BAA30DF5CB9B}.Release-OEM|Mixed Platforms.ActiveCfg = Release|x86
		{45501033-E208-4766-A811-BAA30DF5CB9B}.Release-OEM|Mixed Platforms.Build.0 = Release|x86
		{45501033-E208-4766-A811-BAA30DF5CB9B}.Release-OEM|x86.ActiveCfg = Release|x86
		{45501033-E208-4766-A811-BAA30DF5CB9B}.Release-OEM|x86.Build.0 = Release|x86
		{7B799544-5328-4741-81D9-D730BFAA9C44}.Debug|Any CPU.ActiveCfg = Debug|Any CPU
		{7B799544-5328-4741-81D9-D730BFAA9C44}.Debug|Any CPU.Build.0 = Debug|Any CPU
		{7B799544-5328-4741-81D9-D730BFAA9C44}.Debug|Mixed Platforms.ActiveCfg = Debug|Any CPU
		{7B799544-5328-4741-81D9-D730BFAA9C44}.Debug|Mixed Platforms.Build.0 = Debug|Any CPU
		{7B799544-5328-4741-81D9-D730BFAA9C44}.Debug|x86.ActiveCfg = Debug|Any CPU
		{7B799544-5328-4741-81D9-D730BFAA9C44}.Debug-OEM|Any CPU.ActiveCfg = Debug|Any CPU
		{7B799544-5328-4741-81D9-D730BFAA9C44}.Debug-OEM|Any CPU.Build.0 = Debug|Any CPU
		{7B799544-5328-4741-81D9-D730BFAA9C44}.Debug-OEM|Mixed Platforms.ActiveCfg = Debug|Any CPU
		{7B799544-5328-4741-81D9-D730BFAA9C44}.Debug-OEM|Mixed Platforms.Build.0 = Debug|Any CPU
		{7B799544-5328-4741-81D9-D730BFAA9C44}.Debug-OEM|x86.ActiveCfg = Debug|Any CPU
		{7B799544-5328-4741-81D9-D730BFAA9C44}.Release|Any CPU.ActiveCfg = Release|Any CPU
		{7B799544-5328-4741-81D9-D730BFAA9C44}.Release|Any CPU.Build.0 = Release|Any CPU
		{7B799544-5328-4741-81D9-D730BFAA9C44}.Release|Mixed Platforms.ActiveCfg = Release|Any CPU
		{7B799544-5328-4741-81D9-D730BFAA9C44}.Release|Mixed Platforms.Build.0 = Release|Any CPU
		{7B799544-5328-4741-81D9-D730BFAA9C44}.Release|x86.ActiveCfg = Release|Any CPU
		{7B799544-5328-4741-81D9-D730BFAA9C44}.Release-OEM|Any CPU.ActiveCfg = Release|Any CPU
		{7B799544-5328-4741-81D9-D730BFAA9C44}.Release-OEM|Any CPU.Build.0 = Release|Any CPU
		{7B799544-5328-4741-81D9-D730BFAA9C44}.Release-OEM|Mixed Platforms.ActiveCfg = Release|Any CPU
		{7B799544-5328-4741-81D9-D730BFAA9C44}.Release-OEM|Mixed Platforms.Build.0 = Release|Any CPU
		{7B799544-5328-4741-81D9-D730BFAA9C44}.Release-OEM|x86.ActiveCfg = Release|Any CPU
		{5E870E83-8E7A-44DA-B90F-7CF96C067DB2}.Debug|Any CPU.ActiveCfg = Debug|x86
		{5E870E83-8E7A-44DA-B90F-7CF96C067DB2}.Debug|Mixed Platforms.ActiveCfg = Debug|x86
		{5E870E83-8E7A-44DA-B90F-7CF96C067DB2}.Debug|Mixed Platforms.Build.0 = Debug|x86
		{5E870E83-8E7A-44DA-B90F-7CF96C067DB2}.Debug|x86.ActiveCfg = Debug|x86
		{5E870E83-8E7A-44DA-B90F-7CF96C067DB2}.Debug|x86.Build.0 = Debug|x86
		{5E870E83-8E7A-44DA-B90F-7CF96C067DB2}.Debug-OEM|Any CPU.ActiveCfg = Debug|x86
		{5E870E83-8E7A-44DA-B90F-7CF96C067DB2}.Debug-OEM|Mixed Platforms.ActiveCfg = Debug|x86
		{5E870E83-8E7A-44DA-B90F-7CF96C067DB2}.Debug-OEM|Mixed Platforms.Build.0 = Debug|x86
		{5E870E83-8E7A-44DA-B90F-7CF96C067DB2}.Debug-OEM|x86.ActiveCfg = Debug|x86
		{5E870E83-8E7A-44DA-B90F-7CF96C067DB2}.Debug-OEM|x86.Build.0 = Debug|x86
		{5E870E83-8E7A-44DA-B90F-7CF96C067DB2}.Release|Any CPU.ActiveCfg = Release|x86
		{5E870E83-8E7A-44DA-B90F-7CF96C067DB2}.Release|Mixed Platforms.ActiveCfg = Release|x86
		{5E870E83-8E7A-44DA-B90F-7CF96C067DB2}.Release|Mixed Platforms.Build.0 = Release|x86
		{5E870E83-8E7A-44DA-B90F-7CF96C067DB2}.Release|x86.ActiveCfg = Release|x86
		{5E870E83-8E7A-44DA-B90F-7CF96C067DB2}.Release|x86.Build.0 = Release|x86
		{5E870E83-8E7A-44DA-B90F-7CF96C067DB2}.Release-OEM|Any CPU.ActiveCfg = Release|x86
		{5E870E83-8E7A-44DA-B90F-7CF96C067DB2}.Release-OEM|Mixed Platforms.ActiveCfg = Release|x86
		{5E870E83-8E7A-44DA-B90F-7CF96C067DB2}.Release-OEM|Mixed Platforms.Build.0 = Release|x86
		{5E870E83-8E7A-44DA-B90F-7CF96C067DB2}.Release-OEM|x86.ActiveCfg = Release|x86
		{5E870E83-8E7A-44DA-B90F-7CF96C067DB2}.Release-OEM|x86.Build.0 = Release|x86
	EndGlobalSection
	GlobalSection(SolutionProperties) = preSolution
		HideSolutionNode = FALSE
	EndGlobalSection
	GlobalSection(NestedProjects) = preSolution
		{7B799544-5328-4741-81D9-D730BFAA9C44} = {7417E991-0EA7-4343-AFBA-917C0269E0C8}
		{5E870E83-8E7A-44DA-B90F-7CF96C067DB2} = {7417E991-0EA7-4343-AFBA-917C0269E0C8}
		{45501033-E208-4766-A811-BAA30DF5CB9B} = {AAA55635-1254-4490-9F35-2784C9621100}
		{35CEF10F-2D4C-45F2-9DD1-161E0FEC583C} = {AAA55635-1254-4490-9F35-2784C9621100}
		{00EFBCFD-6BAB-403E-9B84-652FBC109286} = {AAA55635-1254-4490-9F35-2784C9621100}
		{36D7814A-739B-43B3-91D1-2BD8FE9F8B9F} = {AAA55635-1254-4490-9F35-2784C9621100}
	EndGlobalSection
EndGlobal
